
Microsoft Visual Studio Solution File, Format Version 12.00
# Visual Studio Version 16
VisualStudioVersion = 16.0.31205.134
MinimumVisualStudioVersion = 10.0.40219.1
Project("{2150E333-8FDC-42A3-9474-1A3956D46DE8}") = "CleanArch.Application", "CleanArch.Application", "{C7426EF8-3D95-47B7-9D20-021DE8739A26}"
EndProject
Project("{2150E333-8FDC-42A3-9474-1A3956D46DE8}") = "CleanArch.Domain", "CleanArch.Domain", "{AFC059D3-2FF1-46B4-8DA6-912E50A82066}"
EndProject
Project("{2150E333-8FDC-42A3-9474-1A3956D46DE8}") = "CleanArch.Infra.Data", "CleanArch.Infra.Data", "{D95101AE-0DF0-4245-95D7-27673BB87145}"
EndProject
Project("{2150E333-8FDC-42A3-9474-1A3956D46DE8}") = "CleanArch.Infra.IoC", "CleanArch.Infra.IoC", "{8705B788-1D16-4973-898D-5F29E799082B}"
EndProject
Project("{2150E333-8FDC-42A3-9474-1A3956D46DE8}") = "CleanArch.UI.MVC", "CleanArch.UI.MVC", "{83138811-F045-442A-A7F6-AAEFBEE36EC5}"
EndProject
Project("{2150E333-8FDC-42A3-9474-1A3956D46DE8}") = "CleanArch.API", "CleanArch.API", "{E6D97C0A-90B8-4AC9-BB56-9B1FD4EE1D5A}"
EndProject
Project("{FAE04EC0-301F-11D3-BF4B-00C04F79EFBC}") = "CleanArch.MVC", "CleanArch.MVC\CleanArch.MVC.csproj", "{FFF8BF9C-CF82-4297-ABA6-959EBC94C2D4}"
EndProject
Global
	GlobalSection(SolutionConfigurationPlatforms) = preSolution
		Debug|Any CPU = Debug|Any CPU
		Release|Any CPU = Release|Any CPU
	EndGlobalSection
	GlobalSection(ProjectConfigurationPlatforms) = postSolution
		{FFF8BF9C-CF82-4297-ABA6-959EBC94C2D4}.Debug|Any CPU.ActiveCfg = Debug|Any CPU
		{FFF8BF9C-CF82-4297-ABA6-959EBC94C2D4}.Debug|Any CPU.Build.0 = Debug|Any CPU
		{FFF8BF9C-CF82-4297-ABA6-959EBC94C2D4}.Release|Any CPU.ActiveCfg = Release|Any CPU
		{FFF8BF9C-CF82-4297-ABA6-959EBC94C2D4}.Release|Any CPU.Build.0 = Release|Any CPU
	EndGlobalSection
	GlobalSection(SolutionProperties) = preSolution
		HideSolutionNode = FALSE
	EndGlobalSection
	GlobalSection(NestedProjects) = preSolution
		{FFF8BF9C-CF82-4297-ABA6-959EBC94C2D4} = {83138811-F045-442A-A7F6-AAEFBEE36EC5}
	EndGlobalSection
	GlobalSection(ExtensibilityGlobals) = postSolution
		SolutionGuid = {7463E665-053B-46EC-AC82-F007019A1072}
	EndGlobalSection
EndGlobal
